
Microsoft Visual Studio Solution File, Format Version 12.00
# Visual Studio 15
VisualStudioVersion = 15.0.27004.2005
MinimumVisualStudioVersion = 10.0.40219.1
Project("{8BC9CEB8-8B4A-11D0-8D11-00A0C91BC942}") = "mouse", "mouse\mouse.vcxproj", "{E38D775A-410E-4BEF-AEC2-FCBD4CA2ABED}"
EndProject
Global
	GlobalSection(SolutionConfigurationPlatforms) = preSolution
		Debug|x64 = Debug|x64
		Debug|x86 = Debug|x86
		Release|x64 = Release|x64
		Release|x86 = Release|x86
	EndGlobalSection
	GlobalSection(ProjectConfigurationPlatforms) = postSolution
		{E38D775A-410E-4BEF-AEC2-FCBD4CA2ABED}.Debug|x64.ActiveCfg = Debug|x64
		{E38D775A-410E-4BEF-AEC2-FCBD4CA2ABED}.Debug|x64.Build.0 = Debug|x64
		{E38D775A-410E-4BEF-AEC2-FCBD4CA2ABED}.Debug|x86.ActiveCfg = Debug|Win32
		{E38D775A-410E-4BEF-AEC2-FCBD4CA2ABED}.Debug|x86.Build.0 = Debug|Win32
		{E38D775A-410E-4BEF-AEC2-FCBD4CA2ABED}.Release|x64.ActiveCfg = Release|x64
		{E38D775A-410E-4BEF-AEC2-FCBD4CA2ABED}.Release|x64.Build.0 = Release|x64
		{E38D775A-410E-4BEF-AEC2-FCBD4CA2ABED}.Release|x86.ActiveCfg = Release|Win32
		{E38D775A-410E-4BEF-AEC2-FCBD4CA2ABED}.Release|x86.Build.0 = Release|Win32
	EndGlobalSection
	GlobalSection(SolutionProperties) = preSolution
		HideSolutionNode = FALSE
	EndGlobalSection
	GlobalSection(ExtensibilityGlobals) = postSolution
		SolutionGuid = {3F6280CC-5391-4CFA-9F2B-04B20A412673}
	EndGlobalSection
EndGlobal
